
Microsoft Visual Studio Solution File, Format Version 12.00
# Visual Studio Version 17
VisualStudioVersion = 17.9.34728.123
MinimumVisualStudioVersion = 10.0.40219.1
Project("{FAE04EC0-301F-11D3-BF4B-00C04F79EFBC}") = "AyupovLibrary", "AyupovLibrary.csproj", "{A39B714C-DE12-44BC-954E-8D6D25ED1626}"
EndProject
Global
	GlobalSection(SolutionConfigurationPlatforms) = preSolution
		Debug|Any CPU = Debug|Any CPU
		Release|Any CPU = Release|Any CPU
	EndGlobalSection
	GlobalSection(ProjectConfigurationPlatforms) = postSolution
		{A39B714C-DE12-44BC-954E-8D6D25ED1626}.Debug|Any CPU.ActiveCfg = Debug|Any CPU
		{A39B714C-DE12-44BC-954E-8D6D25ED1626}.Debug|Any CPU.Build.0 = Debug|Any CPU
		{A39B714C-DE12-44BC-954E-8D6D25ED1626}.Release|Any CPU.ActiveCfg = Release|Any CPU
		{A39B714C-DE12-44BC-954E-8D6D25ED1626}.Release|Any CPU.Build.0 = Release|Any CPU
	EndGlobalSection
	GlobalSection(SolutionProperties) = preSolution
		HideSolutionNode = FALSE
	EndGlobalSection
	GlobalSection(ExtensibilityGlobals) = postSolution
		SolutionGuid = {84B3BF09-0ED3-4FD7-9CCB-9ACE9403DA6A}
	EndGlobalSection
EndGlobal
